
Microsoft Visual Studio Solution File, Format Version 12.00
# Visual Studio 15
VisualStudioVersion = 15.0.28307.271
MinimumVisualStudioVersion = 10.0.40219.1
Project("{FAE04EC0-301F-11D3-BF4B-00C04F79EFBC}") = "LLVMTest", "LLVMTest\LLVMTest.csproj", "{65044BE4-7A84-442D-BE86-C8DE605AA6BB}"
EndProject
Global
	GlobalSection(SolutionConfigurationPlatforms) = preSolution
		Debug|Any CPU = Debug|Any CPU
		Debug|x64 = Debug|x64
		Debug|x86 = Debug|x86
		Release|Any CPU = Release|Any CPU
		Release|x64 = Release|x64
		Release|x86 = Release|x86
	EndGlobalSection
	GlobalSection(ProjectConfigurationPlatforms) = postSolution
		{65044BE4-7A84-442D-BE86-C8DE605AA6BB}.Debug|Any CPU.ActiveCfg = Debug|Any CPU
		{65044BE4-7A84-442D-BE86-C8DE605AA6BB}.Debug|Any CPU.Build.0 = Debug|Any CPU
		{65044BE4-7A84-442D-BE86-C8DE605AA6BB}.Debug|x64.ActiveCfg = Debug|Any CPU
		{65044BE4-7A84-442D-BE86-C8DE605AA6BB}.Debug|x64.Build.0 = Debug|Any CPU
		{65044BE4-7A84-442D-BE86-C8DE605AA6BB}.Debug|x86.ActiveCfg = Debug|Any CPU
		{65044BE4-7A84-442D-BE86-C8DE605AA6BB}.Debug|x86.Build.0 = Debug|Any CPU
		{65044BE4-7A84-442D-BE86-C8DE605AA6BB}.Release|Any CPU.ActiveCfg = Release|Any CPU
		{65044BE4-7A84-442D-BE86-C8DE605AA6BB}.Release|Any CPU.Build.0 = Release|Any CPU
		{65044BE4-7A84-442D-BE86-C8DE605AA6BB}.Release|x64.ActiveCfg = Release|Any CPU
		{65044BE4-7A84-442D-BE86-C8DE605AA6BB}.Release|x64.Build.0 = Release|Any CPU
		{65044BE4-7A84-442D-BE86-C8DE605AA6BB}.Release|x86.ActiveCfg = Release|Any CPU
		{65044BE4-7A84-442D-BE86-C8DE605AA6BB}.Release|x86.Build.0 = Release|Any CPU
	EndGlobalSection
	GlobalSection(SolutionProperties) = preSolution
		HideSolutionNode = FALSE
	EndGlobalSection
	GlobalSection(ExtensibilityGlobals) = postSolution
		SolutionGuid = {31BB4F30-1879-4659-B492-2EBBD0557CB6}
	EndGlobalSection
EndGlobal
